# This file is autogenerated, do not edit; changes may be undone by the next 'dep ensure'.


[[projects]]
  digest = "1:e37eb23cfd852df9c65b5dee28456595d7b12479421221a088b6ea7ad95a3570"
  name = "github.com/go-mail/mail"
  packages = ["."]
  pruneopts = "UT"
  revision = "63235f23494bf20d713a585bce40b2a0675c2f77"
  version = "2.2.0"

[[projects]]
  branch = "v3"
  digest = "1:7388652e2215a3f45d341d58766ed58317971030eb1cbd75f005f96ace8e9196"
  name = "gopkg.in/alexcesaro/quotedprintable.v3"
  packages = ["."]
  pruneopts = "UT"
  revision = "2caba252f4dc53eaf6b553000885530023f54623"

[solve-meta]
  analyzer-name = "dep"
  analyzer-version = 1
  input-imports = ["github.com/go-mail/mail"]
  solver-name = "gps-cdcl"
  solver-version = 1
